// !$*UTF8*$!
{
	archiveVersion = 1;
	classes = {
	};
	objectVersion = 77;
	objects = {

/* Begin PBXBuildFile section */
		2E2F40E02DBF09510005CB80 /* SQLite in Frameworks */ = {isa = PBXBuildFile; productRef = 2E2F40DF2DBF09510005CB80 /* SQLite */; };
		2E540EA72DE2BDDD00D8A826 /* CoreGPX in Frameworks */ = {isa = PBXBuildFile; productRef = 2E540EA62DE2BDDD00D8A826 /* CoreGPX */; };
		2E5E9FA42DCBD39D00F97B95 /* RevenueCat in Frameworks */ = {isa = PBXBuildFile; productRef = 2E5E9FA32DCBD39D00F97B95 /* RevenueCat */; };
		2E5E9FA62DCBD39D00F97B95 /* RevenueCatUI in Frameworks */ = {isa = PBXBuildFile; productRef = 2E5E9FA52DCBD39D00F97B95 /* RevenueCatUI */; };
		2EDB80D62E03B39D00E2A998 /* Auth in Frameworks */ = {isa = PBXBuildFile; productRef = 2EDB80D52E03B39D00E2A998 /* Auth */; };
		2EDB80D82E03B39D00E2A998 /* Functions in Frameworks */ = {isa = PBXBuildFile; productRef = 2EDB80D72E03B39D00E2A998 /* Functions */; };
		2EDB80DA2E03B39D00E2A998 /* PostgREST in Frameworks */ = {isa = PBXBuildFile; productRef = 2EDB80D92E03B39D00E2A998 /* PostgREST */; };
		2EDB80DC2E03B39D00E2A998 /* Realtime in Frameworks */ = {isa = PBXBuildFile; productRef = 2EDB80DB2E03B39D00E2A998 /* Realtime */; };
		2EDB80DE2E03B39D00E2A998 /* Storage in Frameworks */ = {isa = PBXBuildFile; productRef = 2EDB80DD2E03B39D00E2A998 /* Storage */; };
		2EDB80E12E03B42C00E2A998 /* Supabase in Frameworks */ = {isa = PBXBuildFile; productRef = 2EDB80E02E03B42C00E2A998 /* Supabase */; };
/* End PBXBuildFile section */

/* Begin PBXFileReference section */
		2EB41CD02DBC80CC009FC129 /* Mariner Studio.app */ = {isa = PBXFileReference; explicitFileType = wrapper.application; includeInIndex = 0; path = "Mariner Studio.app"; sourceTree = BUILT_PRODUCTS_DIR; };
/* End PBXFileReference section */

/* Begin PBXFileSystemSynchronizedRootGroup section */
		2EB41CD22DBC80CC009FC129 /* Mariner Studio */ = {
			isa = PBXFileSystemSynchronizedRootGroup;
			path = "Mariner Studio";
			sourceTree = "<group>";
		};
/* End PBXFileSystemSynchronizedRootGroup section */

/* Begin PBXFrameworksBuildPhase section */
		2EB41CCD2DBC80CC009FC129 /* Frameworks */ = {
			isa = PBXFrameworksBuildPhase;
			buildActionMask = 2147483647;
			files = (
				2EDB80E12E03B42C00E2A998 /* Supabase in Frameworks */,
				2EDB80D82E03B39D00E2A998 /* Functions in Frameworks */,
				2E5E9FA42DCBD39D00F97B95 /* RevenueCat in Frameworks */,
				2EDB80DA2E03B39D00E2A998 /* PostgREST in Frameworks */,
				2EDB80DC2E03B39D00E2A998 /* Realtime in Frameworks */,
				2E2F40E02DBF09510005CB80 /* SQLite in Frameworks */,
				2E5E9FA62DCBD39D00F97B95 /* RevenueCatUI in Frameworks */,
				2EDB80DE2E03B39D00E2A998 /* Storage in Frameworks */,
				2EDB80D62E03B39D00E2A998 /* Auth in Frameworks */,
				2E540EA72DE2BDDD00D8A826 /* CoreGPX in Frameworks */,
			);
			runOnlyForDeploymentPostprocessing = 0;
		};
/* End PBXFrameworksBuildPhase section */

/* Begin PBXGroup section */
		2E7228322E1AE2C80090B435 /* DEBUG */ = {
			isa = PBXGroup;
			children = (
			);
			path = DEBUG;
			sourceTree = "<group>";
		};
		2E7228332E1AE2C80090B435 /* LOGS */ = {
			isa = PBXGroup;
			children = (
				2E7228322E1AE2C80090B435 /* DEBUG */,
			);
			path = LOGS;
			sourceTree = "<group>";
		};
		2EB41CC72DBC80CC009FC129 = {
			isa = PBXGroup;
			children = (
				2E7228332E1AE2C80090B435 /* LOGS */,
				2EB41CD22DBC80CC009FC129 /* Mariner Studio */,
				2EDB80DF2E03B3DD00E2A998 /* Frameworks */,
				2EB41CD12DBC80CC009FC129 /* Products */,
			);
			sourceTree = "<group>";
		};
		2EB41CD12DBC80CC009FC129 /* Products */ = {
			isa = PBXGroup;
			children = (
				2EB41CD02DBC80CC009FC129 /* Mariner Studio.app */,
			);
			name = Products;
			sourceTree = "<group>";
		};
		2EDB80DF2E03B3DD00E2A998 /* Frameworks */ = {
			isa = PBXGroup;
			children = (
			);
			name = Frameworks;
			sourceTree = "<group>";
		};
/* End PBXGroup section */

/* Begin PBXNativeTarget section */
		2EB41CCF2DBC80CC009FC129 /* Mariner Studio */ = {
			isa = PBXNativeTarget;
			buildConfigurationList = 2EB41CDC2DBC80CE009FC129 /* Build configuration list for PBXNativeTarget "Mariner Studio" */;
			buildPhases = (
				2EB41CCC2DBC80CC009FC129 /* Sources */,
				2EB41CCD2DBC80CC009FC129 /* Frameworks */,
				2EB41CCE2DBC80CC009FC129 /* Resources */,
			);
			buildRules = (
			);
			dependencies = (
			);
			fileSystemSynchronizedGroups = (
				2EB41CD22DBC80CC009FC129 /* Mariner Studio */,
			);
			name = "Mariner Studio";
			packageProductDependencies = (
				2E2F40DF2DBF09510005CB80 /* SQLite */,
				2E5E9FA32DCBD39D00F97B95 /* RevenueCat */,
				2E5E9FA52DCBD39D00F97B95 /* RevenueCatUI */,
				2E540EA62DE2BDDD00D8A826 /* CoreGPX */,
				2EDB80D52E03B39D00E2A998 /* Auth */,
				2EDB80D72E03B39D00E2A998 /* Functions */,
				2EDB80D92E03B39D00E2A998 /* PostgREST */,
				2EDB80DB2E03B39D00E2A998 /* Realtime */,
				2EDB80DD2E03B39D00E2A998 /* Storage */,
				2EDB80E02E03B42C00E2A998 /* Supabase */,
			);
			productName = "Mariner Studio";
			productReference = 2EB41CD02DBC80CC009FC129 /* Mariner Studio.app */;
			productType = "com.apple.product-type.application";
		};
/* End PBXNativeTarget section */

/* Begin PBXProject section */
		2EB41CC82DBC80CC009FC129 /* Project object */ = {
			isa = PBXProject;
			attributes = {
				BuildIndependentTargetsInParallel = 1;
				LastSwiftUpdateCheck = 1630;
				LastUpgradeCheck = 1630;
				TargetAttributes = {
					2EB41CCF2DBC80CC009FC129 = {
						CreatedOnToolsVersion = 16.3;
					};
				};
			};
			buildConfigurationList = 2EB41CCB2DBC80CC009FC129 /* Build configuration list for PBXProject "Mariner Studio" */;
			developmentRegion = en;
			hasScannedForEncodings = 0;
			knownRegions = (
				en,
				Base,
			);
			mainGroup = 2EB41CC72DBC80CC009FC129;
			minimizedProjectReferenceProxies = 1;
			packageReferences = (
				2E2F40DE2DBF09510005CB80 /* XCRemoteSwiftPackageReference "SQLite" */,
				2E5E9FA22DCBD39D00F97B95 /* XCRemoteSwiftPackageReference "purchases-ios" */,
				2E540EA52DE2BDDD00D8A826 /* XCRemoteSwiftPackageReference "CoreGPX" */,
				2EDB80D42E03B39D00E2A998 /* XCRemoteSwiftPackageReference "supabase-swift" */,
			);
			preferredProjectObjectVersion = 77;
			productRefGroup = 2EB41CD12DBC80CC009FC129 /* Products */;
			projectDirPath = "";
			projectRoot = "";
			targets = (
				2EB41CCF2DBC80CC009FC129 /* Mariner Studio */,
			);
		};
/* End PBXProject section */

/* Begin PBXResourcesBuildPhase section */
		2EB41CCE2DBC80CC009FC129 /* Resources */ = {
			isa = PBXResourcesBuildPhase;
			buildActionMask = 2147483647;
			files = (
			);
			runOnlyForDeploymentPostprocessing = 0;
		};
/* End PBXResourcesBuildPhase section */

/* Begin PBXSourcesBuildPhase section */
		2EB41CCC2DBC80CC009FC129 /* Sources */ = {
			isa = PBXSourcesBuildPhase;
			buildActionMask = 2147483647;
			files = (
			);
			runOnlyForDeploymentPostprocessing = 0;
		};
/* End PBXSourcesBuildPhase section */

/* Begin XCBuildConfiguration section */
		2EB41CDA2DBC80CE009FC129 /* Debug */ = {
			isa = XCBuildConfiguration;
			buildSettings = {
				ALWAYS_SEARCH_USER_PATHS = NO;
				ASSETCATALOG_COMPILER_GENERATE_SWIFT_ASSET_SYMBOL_EXTENSIONS = YES;
				CLANG_ANALYZER_NONNULL = YES;
				CLANG_ANALYZER_NUMBER_OBJECT_CONVERSION = YES_AGGRESSIVE;
				CLANG_CXX_LANGUAGE_STANDARD = "gnu++20";
				CLANG_ENABLE_MODULES = YES;
				CLANG_ENABLE_OBJC_ARC = YES;
				CLANG_ENABLE_OBJC_WEAK = YES;
				CLANG_WARN_BLOCK_CAPTURE_AUTORELEASING = YES;
				CLANG_WARN_BOOL_CONVERSION = YES;
				CLANG_WARN_COMMA = YES;
				CLANG_WARN_CONSTANT_CONVERSION = YES;
				CLANG_WARN_DEPRECATED_OBJC_IMPLEMENTATIONS = YES;
				CLANG_WARN_DIRECT_OBJC_ISA_USAGE = YES_ERROR;
				CLANG_WARN_DOCUMENTATION_COMMENTS = YES;
				CLANG_WARN_EMPTY_BODY = YES;
				CLANG_WARN_ENUM_CONVERSION = YES;
				CLANG_WARN_INFINITE_RECURSION = YES;
				CLANG_WARN_INT_CONVERSION = YES;
				CLANG_WARN_NON_LITERAL_NULL_CONVERSION = YES;
				CLANG_WARN_OBJC_IMPLICIT_RETAIN_SELF = YES;
				CLANG_WARN_OBJC_LITERAL_CONVERSION = YES;
				CLANG_WARN_OBJC_ROOT_CLASS = YES_ERROR;
				CLANG_WARN_QUOTED_INCLUDE_IN_FRAMEWORK_HEADER = YES;
				CLANG_WARN_RANGE_LOOP_ANALYSIS = YES;
				CLANG_WARN_STRICT_PROTOTYPES = YES;
				CLANG_WARN_SUSPICIOUS_MOVE = YES;
				CLANG_WARN_UNGUARDED_AVAILABILITY = YES_AGGRESSIVE;
				CLANG_WARN_UNREACHABLE_CODE = YES;
				CLANG_WARN__DUPLICATE_METHOD_MATCH = YES;
				COPY_PHASE_STRIP = NO;
				DEBUG_INFORMATION_FORMAT = dwarf;
				DEVELOPMENT_TEAM = 3YWCA3N57Q;
				ENABLE_STRICT_OBJC_MSGSEND = YES;
				ENABLE_TESTABILITY = YES;
				ENABLE_USER_SCRIPT_SANDBOXING = YES;
				GCC_C_LANGUAGE_STANDARD = gnu17;
				GCC_DYNAMIC_NO_PIC = NO;
				GCC_NO_COMMON_BLOCKS = YES;
				GCC_OPTIMIZATION_LEVEL = 0;
				GCC_PREPROCESSOR_DEFINITIONS = (
					"DEBUG=1",
					"$(inherited)",
				);
				GCC_WARN_64_TO_32_BIT_CONVERSION = YES;
				GCC_WARN_ABOUT_RETURN_TYPE = YES_ERROR;
				GCC_WARN_UNDECLARED_SELECTOR = YES;
				GCC_WARN_UNINITIALIZED_AUTOS = YES_AGGRESSIVE;
				GCC_WARN_UNUSED_FUNCTION = YES;
				GCC_WARN_UNUSED_VARIABLE = YES;
				LOCALIZATION_PREFERS_STRING_CATALOGS = YES;
				MTL_ENABLE_DEBUG_INFO = INCLUDE_SOURCE;
				MTL_FAST_MATH = YES;
				ONLY_ACTIVE_ARCH = YES;
				SWIFT_ACTIVE_COMPILATION_CONDITIONS = "DEBUG $(inherited)";
				SWIFT_OPTIMIZATION_LEVEL = "-Onone";
			};
			name = Debug;
		};
		2EB41CDB2DBC80CE009FC129 /* Release */ = {
			isa = XCBuildConfiguration;
			buildSettings = {
				ALWAYS_SEARCH_USER_PATHS = NO;
				ASSETCATALOG_COMPILER_GENERATE_SWIFT_ASSET_SYMBOL_EXTENSIONS = YES;
				CLANG_ANALYZER_NONNULL = YES;
				CLANG_ANALYZER_NUMBER_OBJECT_CONVERSION = YES_AGGRESSIVE;
				CLANG_CXX_LANGUAGE_STANDARD = "gnu++20";
				CLANG_ENABLE_MODULES = YES;
				CLANG_ENABLE_OBJC_ARC = YES;
				CLANG_ENABLE_OBJC_WEAK = YES;
				CLANG_WARN_BLOCK_CAPTURE_AUTORELEASING = YES;
				CLANG_WARN_BOOL_CONVERSION = YES;
				CLANG_WARN_COMMA = YES;
				CLANG_WARN_CONSTANT_CONVERSION = YES;
				CLANG_WARN_DEPRECATED_OBJC_IMPLEMENTATIONS = YES;
				CLANG_WARN_DIRECT_OBJC_ISA_USAGE = YES_ERROR;
				CLANG_WARN_DOCUMENTATION_COMMENTS = YES;
				CLANG_WARN_EMPTY_BODY = YES;
				CLANG_WARN_ENUM_CONVERSION = YES;
				CLANG_WARN_INFINITE_RECURSION = YES;
				CLANG_WARN_INT_CONVERSION = YES;
				CLANG_WARN_NON_LITERAL_NULL_CONVERSION = YES;
				CLANG_WARN_OBJC_IMPLICIT_RETAIN_SELF = YES;
				CLANG_WARN_OBJC_LITERAL_CONVERSION = YES;
				CLANG_WARN_OBJC_ROOT_CLASS = YES_ERROR;
				CLANG_WARN_QUOTED_INCLUDE_IN_FRAMEWORK_HEADER = YES;
				CLANG_WARN_RANGE_LOOP_ANALYSIS = YES;
				CLANG_WARN_STRICT_PROTOTYPES = YES;
				CLANG_WARN_SUSPICIOUS_MOVE = YES;
				CLANG_WARN_UNGUARDED_AVAILABILITY = YES_AGGRESSIVE;
				CLANG_WARN_UNREACHABLE_CODE = YES;
				CLANG_WARN__DUPLICATE_METHOD_MATCH = YES;
				COPY_PHASE_STRIP = NO;
				DEBUG_INFORMATION_FORMAT = "dwarf-with-dsym";
				DEVELOPMENT_TEAM = 3YWCA3N57Q;
				ENABLE_NS_ASSERTIONS = NO;
				ENABLE_STRICT_OBJC_MSGSEND = YES;
				ENABLE_USER_SCRIPT_SANDBOXING = YES;
				GCC_C_LANGUAGE_STANDARD = gnu17;
				GCC_NO_COMMON_BLOCKS = YES;
				GCC_WARN_64_TO_32_BIT_CONVERSION = YES;
				GCC_WARN_ABOUT_RETURN_TYPE = YES_ERROR;
				GCC_WARN_UNDECLARED_SELECTOR = YES;
				GCC_WARN_UNINITIALIZED_AUTOS = YES_AGGRESSIVE;
				GCC_WARN_UNUSED_FUNCTION = YES;
				GCC_WARN_UNUSED_VARIABLE = YES;
				LOCALIZATION_PREFERS_STRING_CATALOGS = YES;
				MTL_ENABLE_DEBUG_INFO = NO;
				MTL_FAST_MATH = YES;
				SWIFT_COMPILATION_MODE = wholemodule;
			};
			name = Release;
		};
		2EB41CDD2DBC80CE009FC129 /* Debug */ = {
			isa = XCBuildConfiguration;
			buildSettings = {
				ASSETCATALOG_COMPILER_APPICON_NAME = AppIcon;
				ASSETCATALOG_COMPILER_GLOBAL_ACCENT_COLOR_NAME = AccentColor;
				CODE_SIGN_ENTITLEMENTS = "Mariner Studio/Mariner_Studio.entitlements";
				CODE_SIGN_STYLE = Automatic;
				CURRENT_PROJECT_VERSION = 9;
				DEVELOPMENT_TEAM = 3YWCA3N57Q;
				ENABLE_HARDENED_RUNTIME = YES;
				ENABLE_PREVIEWS = YES;
				GENERATE_INFOPLIST_FILE = YES;
				INFOPLIST_FILE = "Mariner-Studio-Info.plist";
				INFOPLIST_KEY_CFBundleDisplayName = "";
				INFOPLIST_KEY_LSApplicationCategoryType = "public.app-category.navigation";
				INFOPLIST_KEY_NSCameraUsageDescription = "Mariner Studio uses your camera to photograph marine facilities including ports, docks, and terminals. Mariners can reference these photos to recall critical details like dock headings, fender positions, and approach routes before returning to these locations. Photos are stored privately in your iCloud account.";
				INFOPLIST_KEY_NSHumanReadableCopyright = "";
				INFOPLIST_KEY_NSLocationWhenInUseUsageDescription = "Mariner Studio uses your location to center nautical charts and weather maps on your position, find nearby tide and current stations, calculate distances to ports and navigation waypoints, and provide local marine weather conditions for navigation planning.";
				"INFOPLIST_KEY_UIApplicationSceneManifest_Generation[sdk=iphoneos*]" = YES;
				"INFOPLIST_KEY_UIApplicationSceneManifest_Generation[sdk=iphonesimulator*]" = YES;
				"INFOPLIST_KEY_UIApplicationSupportsIndirectInputEvents[sdk=iphoneos*]" = YES;
				"INFOPLIST_KEY_UIApplicationSupportsIndirectInputEvents[sdk=iphonesimulator*]" = YES;
				"INFOPLIST_KEY_UILaunchScreen_Generation[sdk=iphoneos*]" = YES;
				"INFOPLIST_KEY_UILaunchScreen_Generation[sdk=iphonesimulator*]" = YES;
				"INFOPLIST_KEY_UIStatusBarStyle[sdk=iphoneos*]" = UIStatusBarStyleDefault;
				"INFOPLIST_KEY_UIStatusBarStyle[sdk=iphonesimulator*]" = UIStatusBarStyleDefault;
				INFOPLIST_KEY_UISupportedInterfaceOrientations_iPad = "UIInterfaceOrientationPortrait UIInterfaceOrientationPortraitUpsideDown UIInterfaceOrientationLandscapeLeft UIInterfaceOrientationLandscapeRight";
				INFOPLIST_KEY_UISupportedInterfaceOrientations_iPhone = "UIInterfaceOrientationPortrait UIInterfaceOrientationLandscapeLeft UIInterfaceOrientationLandscapeRight";
				IPHONEOS_DEPLOYMENT_TARGET = 18.4;
				LD_RUNPATH_SEARCH_PATHS = "@executable_path/Frameworks";
				"LD_RUNPATH_SEARCH_PATHS[sdk=macosx*]" = "@executable_path/../Frameworks";
				MACOSX_DEPLOYMENT_TARGET = 15.4;
				MARKETING_VERSION = 13;
				PRODUCT_BUNDLE_IDENTIFIER = "com.ospreyapplications.Mariner-Studio";
				PRODUCT_NAME = "$(TARGET_NAME)";
				REGISTER_APP_GROUPS = YES;
				SDKROOT = auto;
				SUPPORTED_PLATFORMS = "iphoneos iphonesimulator macosx xros xrsimulator";
				SWIFT_EMIT_LOC_STRINGS = YES;
				SWIFT_VERSION = 5.0;
				TARGETED_DEVICE_FAMILY = "1,2,7";
				XROS_DEPLOYMENT_TARGET = 2.4;
			};
			name = Debug;
		};
		2EB41CDE2DBC80CE009FC129 /* Release */ = {
			isa = XCBuildConfiguration;
			buildSettings = {
				ASSETCATALOG_COMPILER_APPICON_NAME = AppIcon;
				ASSETCATALOG_COMPILER_GLOBAL_ACCENT_COLOR_NAME = AccentColor;
				CODE_SIGN_ENTITLEMENTS = "Mariner Studio/Mariner StudioRelease.entitlements";
				CODE_SIGN_STYLE = Automatic;
				CURRENT_PROJECT_VERSION = 9;
				DEVELOPMENT_TEAM = 3YWCA3N57Q;
				ENABLE_HARDENED_RUNTIME = YES;
				ENABLE_PREVIEWS = YES;
				GENERATE_INFOPLIST_FILE = YES;
				INFOPLIST_FILE = "Mariner-Studio-Info.plist";
				INFOPLIST_KEY_CFBundleDisplayName = "";
				INFOPLIST_KEY_LSApplicationCategoryType = "public.app-category.navigation";
				INFOPLIST_KEY_NSCameraUsageDescription = "Mariner Studio uses your camera to photograph marine facilities including ports, docks, and terminals. Mariners can reference these photos to recall critical details like dock headings, fender positions, and approach routes before returning to these locations. Photos are stored privately in your iCloud account.";
				INFOPLIST_KEY_NSHumanReadableCopyright = "";
				INFOPLIST_KEY_NSLocationWhenInUseUsageDescription = "Mariner Studio uses your location to center nautical charts and weather maps on your position, find nearby tide and current stations, calculate distances to ports and navigation waypoints, and provide local marine weather conditions for navigation planning.";
				"INFOPLIST_KEY_UIApplicationSceneManifest_Generation[sdk=iphoneos*]" = YES;
				"INFOPLIST_KEY_UIApplicationSceneManifest_Generation[sdk=iphonesimulator*]" = YES;
				"INFOPLIST_KEY_UIApplicationSupportsIndirectInputEvents[sdk=iphoneos*]" = YES;
				"INFOPLIST_KEY_UIApplicationSupportsIndirectInputEvents[sdk=iphonesimulator*]" = YES;
				"INFOPLIST_KEY_UILaunchScreen_Generation[sdk=iphoneos*]" = YES;
				"INFOPLIST_KEY_UILaunchScreen_Generation[sdk=iphonesimulator*]" = YES;
				"INFOPLIST_KEY_UIStatusBarStyle[sdk=iphoneos*]" = UIStatusBarStyleDefault;
				"INFOPLIST_KEY_UIStatusBarStyle[sdk=iphonesimulator*]" = UIStatusBarStyleDefault;
				INFOPLIST_KEY_UISupportedInterfaceOrientations_iPad = "UIInterfaceOrientationPortrait UIInterfaceOrientationPortraitUpsideDown UIInterfaceOrientationLandscapeLeft UIInterfaceOrientationLandscapeRight";
				INFOPLIST_KEY_UISupportedInterfaceOrientations_iPhone = "UIInterfaceOrientationPortrait UIInterfaceOrientationLandscapeLeft UIInterfaceOrientationLandscapeRight";
				IPHONEOS_DEPLOYMENT_TARGET = 18.4;
				LD_RUNPATH_SEARCH_PATHS = "@executable_path/Frameworks";
				"LD_RUNPATH_SEARCH_PATHS[sdk=macosx*]" = "@executable_path/../Frameworks";
				MACOSX_DEPLOYMENT_TARGET = 15.4;
				MARKETING_VERSION = 13;
				PRODUCT_BUNDLE_IDENTIFIER = "com.ospreyapplications.Mariner-Studio";
				PRODUCT_NAME = "$(TARGET_NAME)";
				REGISTER_APP_GROUPS = YES;
				SDKROOT = auto;
				SUPPORTED_PLATFORMS = "iphoneos iphonesimulator macosx xros xrsimulator";
				SWIFT_EMIT_LOC_STRINGS = YES;
				SWIFT_VERSION = 5.0;
				TARGETED_DEVICE_FAMILY = "1,2,7";
				XROS_DEPLOYMENT_TARGET = 2.4;
			};
			name = Release;
		};
/* End XCBuildConfiguration section */

/* Begin XCConfigurationList section */
		2EB41CCB2DBC80CC009FC129 /* Build configuration list for PBXProject "Mariner Studio" */ = {
			isa = XCConfigurationList;
			buildConfigurations = (
				2EB41CDA2DBC80CE009FC129 /* Debug */,
				2EB41CDB2DBC80CE009FC129 /* Release */,
			);
			defaultConfigurationIsVisible = 0;
			defaultConfigurationName = Release;
		};
		2EB41CDC2DBC80CE009FC129 /* Build configuration list for PBXNativeTarget "Mariner Studio" */ = {
			isa = XCConfigurationList;
			buildConfigurations = (
				2EB41CDD2DBC80CE009FC129 /* Debug */,
				2EB41CDE2DBC80CE009FC129 /* Release */,
			);
			defaultConfigurationIsVisible = 0;
			defaultConfigurationName = Release;
		};
/* End XCConfigurationList section */

/* Begin XCRemoteSwiftPackageReference section */
		2E2F40DE2DBF09510005CB80 /* XCRemoteSwiftPackageReference "SQLite" */ = {
			isa = XCRemoteSwiftPackageReference;
			repositoryURL = "https://github.com/stephencelis/SQLite.swift";
			requirement = {
				kind = upToNextMajorVersion;
				minimumVersion = 0.15.3;
			};
		};
		2E540EA52DE2BDDD00D8A826 /* XCRemoteSwiftPackageReference "CoreGPX" */ = {
			isa = XCRemoteSwiftPackageReference;
			repositoryURL = "https://github.com/vincentneo/CoreGPX.git";
			requirement = {
				kind = upToNextMajorVersion;
				minimumVersion = 0.9.3;
			};
		};
		2E5E9FA22DCBD39D00F97B95 /* XCRemoteSwiftPackageReference "purchases-ios" */ = {
			isa = XCRemoteSwiftPackageReference;
			repositoryURL = "https://github.com/RevenueCat/purchases-ios.git";
			requirement = {
				kind = upToNextMajorVersion;
				minimumVersion = 5.23.0;
			};
		};
		2EDB80D42E03B39D00E2A998 /* XCRemoteSwiftPackageReference "supabase-swift" */ = {
			isa = XCRemoteSwiftPackageReference;
			repositoryURL = "https://github.com/supabase/supabase-swift.git";
			requirement = {
				kind = upToNextMajorVersion;
				minimumVersion = 2.5.1;
			};
		};
/* End XCRemoteSwiftPackageReference section */

/* Begin XCSwiftPackageProductDependency section */
		2E2F40DF2DBF09510005CB80 /* SQLite */ = {
			isa = XCSwiftPackageProductDependency;
			package = 2E2F40DE2DBF09510005CB80 /* XCRemoteSwiftPackageReference "SQLite" */;
			productName = SQLite;
		};
		2E540EA62DE2BDDD00D8A826 /* CoreGPX */ = {
			isa = XCSwiftPackageProductDependency;
			package = 2E540EA52DE2BDDD00D8A826 /* XCRemoteSwiftPackageReference "CoreGPX" */;
			productName = CoreGPX;
		};
		2E5E9FA32DCBD39D00F97B95 /* RevenueCat */ = {
			isa = XCSwiftPackageProductDependency;
			package = 2E5E9FA22DCBD39D00F97B95 /* XCRemoteSwiftPackageReference "purchases-ios" */;
			productName = RevenueCat;
		};
		2E5E9FA52DCBD39D00F97B95 /* RevenueCatUI */ = {
			isa = XCSwiftPackageProductDependency;
			package = 2E5E9FA22DCBD39D00F97B95 /* XCRemoteSwiftPackageReference "purchases-ios" */;
			productName = RevenueCatUI;
		};
		2EDB80D52E03B39D00E2A998 /* Auth */ = {
			isa = XCSwiftPackageProductDependency;
			package = 2EDB80D42E03B39D00E2A998 /* XCRemoteSwiftPackageReference "supabase-swift" */;
			productName = Auth;
		};
		2EDB80D72E03B39D00E2A998 /* Functions */ = {
			isa = XCSwiftPackageProductDependency;
			package = 2EDB80D42E03B39D00E2A998 /* XCRemoteSwiftPackageReference "supabase-swift" */;
			productName = Functions;
		};
		2EDB80D92E03B39D00E2A998 /* PostgREST */ = {
			isa = XCSwiftPackageProductDependency;
			package = 2EDB80D42E03B39D00E2A998 /* XCRemoteSwiftPackageReference "supabase-swift" */;
			productName = PostgREST;
		};
		2EDB80DB2E03B39D00E2A998 /* Realtime */ = {
			isa = XCSwiftPackageProductDependency;
			package = 2EDB80D42E03B39D00E2A998 /* XCRemoteSwiftPackageReference "supabase-swift" */;
			productName = Realtime;
		};
		2EDB80DD2E03B39D00E2A998 /* Storage */ = {
			isa = XCSwiftPackageProductDependency;
			package = 2EDB80D42E03B39D00E2A998 /* XCRemoteSwiftPackageReference "supabase-swift" */;
			productName = Storage;
		};
		2EDB80E02E03B42C00E2A998 /* Supabase */ = {
			isa = XCSwiftPackageProductDependency;
			package = 2EDB80D42E03B39D00E2A998 /* XCRemoteSwiftPackageReference "supabase-swift" */;
			productName = Supabase;
		};
/* End XCSwiftPackageProductDependency section */
	};
	rootObject = 2EB41CC82DBC80CC009FC129 /* Project object */;
}
