{
  "originHash" : "298250492f953944ff0ef67fcec355f2089e7a9d0082ebed5ce74a998677f402",
  "pins" : [
    {
      "identity" : "coregpx",
      "kind" : "remoteSourceControl",
      "location" : "https://github.com/vincentneo/CoreGPX.git",
      "state" : {
        "revision" : "42662cc9235d385bdd0356c8f4cb7b581da24e39",
        "version" : "0.9.3"
      }
    },
    {
      "identity" : "purchases-ios",
      "kind" : "remoteSourceControl",
      "location" : "https://github.com/RevenueCat/purchases-ios.git",
      "state" : {
        "revision" : "31637c9d69c9f33a5426a6bfaca80d2bfe8950c1",
        "version" : "5.23.0"
      }
    },
    {
      "identity" : "sqlite.swift",
      "kind" : "remoteSourceControl",
      "location" : "https://github.com/stephencelis/SQLite.swift",
      "state" : {
        "revision" : "a95fc6df17d108bd99210db5e8a9bac90fe984b8",
        "version" : "0.15.3"
      }
    }
  ],
  "version" : 3
}
